// !$*UTF8*$!
{
	archiveVersion = 1;
	classes = {
	};
	objectVersion = 46;
	objects = {

/* Begin PBXBuildFile section */
		14881EFD1F4A9C7000F4BBC4 /* AppDelegate.swift in Sources */ = {isa = PBXBuildFile; fileRef = 14881EFC1F4A9C7000F4BBC4 /* AppDelegate.swift */; };
		14881EFF1F4A9C7000F4BBC4 /* MainVC.swift in Sources */ = {isa = PBXBuildFile; fileRef = 14881EFE1F4A9C7000F4BBC4 /* MainVC.swift */; };
		14881F021F4A9C7000F4BBC4 /* Main.storyboard in Resources */ = {isa = PBXBuildFile; fileRef = 14881F001F4A9C7000F4BBC4 /* Main.storyboard */; };
		14881F041F4A9C7000F4BBC4 /* Assets.xcassets in Resources */ = {isa = PBXBuildFile; fileRef = 14881F031F4A9C7000F4BBC4 /* Assets.xcassets */; };
		14881F071F4A9C7000F4BBC4 /* LaunchScreen.storyboard in Resources */ = {isa = PBXBuildFile; fileRef = 14881F051F4A9C7000F4BBC4 /* LaunchScreen.storyboard */; };
		14E4C33D1F4BD637005B9876 /* still time.ttf in Resources */ = {isa = PBXBuildFile; fileRef = 14E4C33C1F4BD637005B9876 /* still time.ttf */; };
		14E4C3411F54EB11005B9876 /* VideoVC.swift in Sources */ = {isa = PBXBuildFile; fileRef = 14E4C3401F54EB11005B9876 /* VideoVC.swift */; };
		14E4C3431F551354005B9876 /* PartyCell.swift in Sources */ = {isa = PBXBuildFile; fileRef = 14E4C3421F551354005B9876 /* PartyCell.swift */; };
		14E4C3451F551699005B9876 /* PartyRock.swift in Sources */ = {isa = PBXBuildFile; fileRef = 14E4C3441F551699005B9876 /* PartyRock.swift */; };
/* End PBXBuildFile section */

/* Begin PBXFileReference section */
		14881EF91F4A9C7000F4BBC4 /* PartyRockApp.app */ = {isa = PBXFileReference; explicitFileType = wrapper.application; includeInIndex = 0; path = PartyRockApp.app; sourceTree = BUILT_PRODUCTS_DIR; };
		14881EFC1F4A9C7000F4BBC4 /* AppDelegate.swift */ = {isa = PBXFileReference; lastKnownFileType = sourcecode.swift; path = AppDelegate.swift; sourceTree = "<group>"; };
		14881EFE1F4A9C7000F4BBC4 /* MainVC.swift */ = {isa = PBXFileReference; lastKnownFileType = sourcecode.swift; path = MainVC.swift; sourceTree = "<group>"; };
		14881F011F4A9C7000F4BBC4 /* Base */ = {isa = PBXFileReference; lastKnownFileType = file.storyboard; name = Base; path = Base.lproj/Main.storyboard; sourceTree = "<group>"; };
		14881F031F4A9C7000F4BBC4 /* Assets.xcassets */ = {isa = PBXFileReference; lastKnownFileType = folder.assetcatalog; path = Assets.xcassets; sourceTree = "<group>"; };
		14881F061F4A9C7000F4BBC4 /* Base */ = {isa = PBXFileReference; lastKnownFileType = file.storyboard; name = Base; path = Base.lproj/LaunchScreen.storyboard; sourceTree = "<group>"; };
		14881F081F4A9C7000F4BBC4 /* Info.plist */ = {isa = PBXFileReference; lastKnownFileType = text.plist.xml; path = Info.plist; sourceTree = "<group>"; };
		14E4C33C1F4BD637005B9876 /* still time.ttf */ = {isa = PBXFileReference; lastKnownFileType = file; path = "still time.ttf"; sourceTree = "<group>"; };
		14E4C3401F54EB11005B9876 /* VideoVC.swift */ = {isa = PBXFileReference; fileEncoding = 4; lastKnownFileType = sourcecode.swift; path = VideoVC.swift; sourceTree = "<group>"; };
		14E4C3421F551354005B9876 /* PartyCell.swift */ = {isa = PBXFileReference; fileEncoding = 4; lastKnownFileType = sourcecode.swift; path = PartyCell.swift; sourceTree = "<group>"; };
		14E4C3441F551699005B9876 /* PartyRock.swift */ = {isa = PBXFileReference; fileEncoding = 4; lastKnownFileType = sourcecode.swift; path = PartyRock.swift; sourceTree = "<group>"; };
/* End PBXFileReference section */

/* Begin PBXFrameworksBuildPhase section */
		14881EF61F4A9C7000F4BBC4 /* Frameworks */ = {
			isa = PBXFrameworksBuildPhase;
			buildActionMask = 2147483647;
			files = (
			);
			runOnlyForDeploymentPostprocessing = 0;
		};
/* End PBXFrameworksBuildPhase section */

/* Begin PBXGroup section */
		14881EF01F4A9C7000F4BBC4 = {
			isa = PBXGroup;
			children = (
				14881EFB1F4A9C7000F4BBC4 /* PartyRockApp */,
				14881EFA1F4A9C7000F4BBC4 /* Products */,
			);
			sourceTree = "<group>";
		};
		14881EFA1F4A9C7000F4BBC4 /* Products */ = {
			isa = PBXGroup;
			children = (
				14881EF91F4A9C7000F4BBC4 /* PartyRockApp.app */,
			);
			name = Products;
			sourceTree = "<group>";
		};
		14881EFB1F4A9C7000F4BBC4 /* PartyRockApp */ = {
			isa = PBXGroup;
			children = (
				14E4C33E1F4BD64E005B9876 /* Files */,
				14E4C33B1F4B0BB9005B9876 /* Model */,
				14E4C33A1F4B0BB1005B9876 /* View */,
				14E4C3391F4B0B90005B9876 /* Controller */,
				14881EFC1F4A9C7000F4BBC4 /* AppDelegate.swift */,
				14881F051F4A9C7000F4BBC4 /* LaunchScreen.storyboard */,
				14881F001F4A9C7000F4BBC4 /* Main.storyboard */,
				14881F031F4A9C7000F4BBC4 /* Assets.xcassets */,
				14881F081F4A9C7000F4BBC4 /* Info.plist */,
			);
			path = PartyRockApp;
			sourceTree = "<group>";
		};
		14E4C3391F4B0B90005B9876 /* Controller */ = {
			isa = PBXGroup;
			children = (
				14881EFE1F4A9C7000F4BBC4 /* MainVC.swift */,
				14E4C3401F54EB11005B9876 /* VideoVC.swift */,
			);
			name = Controller;
			sourceTree = "<group>";
		};
		14E4C33A1F4B0BB1005B9876 /* View */ = {
			isa = PBXGroup;
			children = (
				14E4C3421F551354005B9876 /* PartyCell.swift */,
			);
			name = View;
			sourceTree = "<group>";
		};
		14E4C33B1F4B0BB9005B9876 /* Model */ = {
			isa = PBXGroup;
			children = (
				14E4C3441F551699005B9876 /* PartyRock.swift */,
			);
			name = Model;
			sourceTree = "<group>";
		};
		14E4C33E1F4BD64E005B9876 /* Files */ = {
			isa = PBXGroup;
			children = (
				14E4C33C1F4BD637005B9876 /* still time.ttf */,
			);
			name = Files;
			sourceTree = "<group>";
		};
/* End PBXGroup section */

/* Begin PBXNativeTarget section */
		14881EF81F4A9C7000F4BBC4 /* PartyRockApp */ = {
			isa = PBXNativeTarget;
			buildConfigurationList = 14881F0B1F4A9C7000F4BBC4 /* Build configuration list for PBXNativeTarget "PartyRockApp" */;
			buildPhases = (
				14881EF51F4A9C7000F4BBC4 /* Sources */,
				14881EF61F4A9C7000F4BBC4 /* Frameworks */,
				14881EF71F4A9C7000F4BBC4 /* Resources */,
			);
			buildRules = (
			);
			dependencies = (
			);
			name = PartyRockApp;
			productName = PartyRockApp;
			productReference = 14881EF91F4A9C7000F4BBC4 /* PartyRockApp.app */;
			productType = "com.apple.product-type.application";
		};
/* End PBXNativeTarget section */

/* Begin PBXProject section */
		14881EF11F4A9C7000F4BBC4 /* Project object */ = {
			isa = PBXProject;
			attributes = {
				LastSwiftUpdateCheck = 0830;
				LastUpgradeCheck = 0830;
				ORGANIZATIONNAME = "Isaac Rodriguez";
				TargetAttributes = {
					14881EF81F4A9C7000F4BBC4 = {
						CreatedOnToolsVersion = 8.3.3;
						DevelopmentTeam = GF5KK69ZR2;
						ProvisioningStyle = Automatic;
					};
				};
			};
			buildConfigurationList = 14881EF41F4A9C7000F4BBC4 /* Build configuration list for PBXProject "PartyRockApp" */;
			compatibilityVersion = "Xcode 3.2";
			developmentRegion = English;
			hasScannedForEncodings = 0;
			knownRegions = (
				en,
				Base,
			);
			mainGroup = 14881EF01F4A9C7000F4BBC4;
			productRefGroup = 14881EFA1F4A9C7000F4BBC4 /* Products */;
			projectDirPath = "";
			projectRoot = "";
			targets = (
				14881EF81F4A9C7000F4BBC4 /* PartyRockApp */,
			);
		};
/* End PBXProject section */

/* Begin PBXResourcesBuildPhase section */
		14881EF71F4A9C7000F4BBC4 /* Resources */ = {
			isa = PBXResourcesBuildPhase;
			buildActionMask = 2147483647;
			files = (
				14881F071F4A9C7000F4BBC4 /* LaunchScreen.storyboard in Resources */,
				14E4C33D1F4BD637005B9876 /* still time.ttf in Resources */,
				14881F041F4A9C7000F4BBC4 /* Assets.xcassets in Resources */,
				14881F021F4A9C7000F4BBC4 /* Main.storyboard in Resources */,
			);
			runOnlyForDeploymentPostprocessing = 0;
		};
/* End PBXResourcesBuildPhase section */

/* Begin PBXSourcesBuildPhase section */
		14881EF51F4A9C7000F4BBC4 /* Sources */ = {
			isa = PBXSourcesBuildPhase;
			buildActionMask = 2147483647;
			files = (
				14E4C3411F54EB11005B9876 /* VideoVC.swift in Sources */,
				14881EFF1F4A9C7000F4BBC4 /* MainVC.swift in Sources */,
				14E4C3451F551699005B9876 /* PartyRock.swift in Sources */,
				14E4C3431F551354005B9876 /* PartyCell.swift in Sources */,
				14881EFD1F4A9C7000F4BBC4 /* AppDelegate.swift in Sources */,
			);
			runOnlyForDeploymentPostprocessing = 0;
		};
/* End PBXSourcesBuildPhase section */

/* Begin PBXVariantGroup section */
		14881F001F4A9C7000F4BBC4 /* Main.storyboard */ = {
			isa = PBXVariantGroup;
			children = (
				14881F011F4A9C7000F4BBC4 /* Base */,
			);
			name = Main.storyboard;
			sourceTree = "<group>";
		};
		14881F051F4A9C7000F4BBC4 /* LaunchScreen.storyboard */ = {
			isa = PBXVariantGroup;
			children = (
				14881F061F4A9C7000F4BBC4 /* Base */,
			);
			name = LaunchScreen.storyboard;
			sourceTree = "<group>";
		};
/* End PBXVariantGroup section */

/* Begin XCBuildConfiguration section */
		14881F091F4A9C7000F4BBC4 /* Debug */ = {
			isa = XCBuildConfiguration;
			buildSettings = {
				ALWAYS_SEARCH_USER_PATHS = NO;
				CLANG_ANALYZER_NONNULL = YES;
				CLANG_ANALYZER_NUMBER_OBJECT_CONVERSION = YES_AGGRESSIVE;
				CLANG_CXX_LANGUAGE_STANDARD = "gnu++0x";
				CLANG_CXX_LIBRARY = "libc++";
				CLANG_ENABLE_MODULES = YES;
				CLANG_ENABLE_OBJC_ARC = YES;
				CLANG_WARN_BOOL_CONVERSION = YES;
				CLANG_WARN_CONSTANT_CONVERSION = YES;
				CLANG_WARN_DIRECT_OBJC_ISA_USAGE = YES_ERROR;
				CLANG_WARN_DOCUMENTATION_COMMENTS = YES;
				CLANG_WARN_EMPTY_BODY = YES;
				CLANG_WARN_ENUM_CONVERSION = YES;
				CLANG_WARN_INFINITE_RECURSION = YES;
				CLANG_WARN_INT_CONVERSION = YES;
				CLANG_WARN_OBJC_ROOT_CLASS = YES_ERROR;
				CLANG_WARN_SUSPICIOUS_MOVE = YES;
				CLANG_WARN_UNREACHABLE_CODE = YES;
				CLANG_WARN__DUPLICATE_METHOD_MATCH = YES;
				"CODE_SIGN_IDENTITY[sdk=iphoneos*]" = "iPhone Developer";
				COPY_PHASE_STRIP = NO;
				DEBUG_INFORMATION_FORMAT = dwarf;
				ENABLE_STRICT_OBJC_MSGSEND = YES;
				ENABLE_TESTABILITY = YES;
				GCC_C_LANGUAGE_STANDARD = gnu99;
				GCC_DYNAMIC_NO_PIC = NO;
				GCC_NO_COMMON_BLOCKS = YES;
				GCC_OPTIMIZATION_LEVEL = 0;
				GCC_PREPROCESSOR_DEFINITIONS = (
					"DEBUG=1",
					"$(inherited)",
				);
				GCC_WARN_64_TO_32_BIT_CONVERSION = YES;
				GCC_WARN_ABOUT_RETURN_TYPE = YES_ERROR;
				GCC_WARN_UNDECLARED_SELECTOR = YES;
				GCC_WARN_UNINITIALIZED_AUTOS = YES_AGGRESSIVE;
				GCC_WARN_UNUSED_FUNCTION = YES;
				GCC_WARN_UNUSED_VARIABLE = YES;
				IPHONEOS_DEPLOYMENT_TARGET = 10.3;
				MTL_ENABLE_DEBUG_INFO = YES;
				ONLY_ACTIVE_ARCH = YES;
				SDKROOT = iphoneos;
				SWIFT_ACTIVE_COMPILATION_CONDITIONS = DEBUG;
				SWIFT_OPTIMIZATION_LEVEL = "-Onone";
				TARGETED_DEVICE_FAMILY = "1,2";
			};
			name = Debug;
		};
		14881F0A1F4A9C7000F4BBC4 /* Release */ = {
			isa = XCBuildConfiguration;
			buildSettings = {
				ALWAYS_SEARCH_USER_PATHS = NO;
				CLANG_ANALYZER_NONNULL = YES;
				CLANG_ANALYZER_NUMBER_OBJECT_CONVERSION = YES_AGGRESSIVE;
				CLANG_CXX_LANGUAGE_STANDARD = "gnu++0x";
				CLANG_CXX_LIBRARY = "libc++";
				CLANG_ENABLE_MODULES = YES;
				CLANG_ENABLE_OBJC_ARC = YES;
				CLANG_WARN_BOOL_CONVERSION = YES;
				CLANG_WARN_CONSTANT_CONVERSION = YES;
				CLANG_WARN_DIRECT_OBJC_ISA_USAGE = YES_ERROR;
				CLANG_WARN_DOCUMENTATION_COMMENTS = YES;
				CLANG_WARN_EMPTY_BODY = YES;
				CLANG_WARN_ENUM_CONVERSION = YES;
				CLANG_WARN_INFINITE_RECURSION = YES;
				CLANG_WARN_INT_CONVERSION = YES;
				CLANG_WARN_OBJC_ROOT_CLASS = YES_ERROR;
				CLANG_WARN_SUSPICIOUS_MOVE = YES;
				CLANG_WARN_UNREACHABLE_CODE = YES;
				CLANG_WARN__DUPLICATE_METHOD_MATCH = YES;
				"CODE_SIGN_IDENTITY[sdk=iphoneos*]" = "iPhone Developer";
				COPY_PHASE_STRIP = NO;
				DEBUG_INFORMATION_FORMAT = "dwarf-with-dsym";
				ENABLE_NS_ASSERTIONS = NO;
				ENABLE_STRICT_OBJC_MSGSEND = YES;
				GCC_C_LANGUAGE_STANDARD = gnu99;
				GCC_NO_COMMON_BLOCKS = YES;
				GCC_WARN_64_TO_32_BIT_CONVERSION = YES;
				GCC_WARN_ABOUT_RETURN_TYPE = YES_ERROR;
				GCC_WARN_UNDECLARED_SELECTOR = YES;
				GCC_WARN_UNINITIALIZED_AUTOS = YES_AGGRESSIVE;
				GCC_WARN_UNUSED_FUNCTION = YES;
				GCC_WARN_UNUSED_VARIABLE = YES;
				IPHONEOS_DEPLOYMENT_TARGET = 10.3;
				MTL_ENABLE_DEBUG_INFO = NO;
				SDKROOT = iphoneos;
				SWIFT_OPTIMIZATION_LEVEL = "-Owholemodule";
				TARGETED_DEVICE_FAMILY = "1,2";
				VALIDATE_PRODUCT = YES;
			};
			name = Release;
		};
		14881F0C1F4A9C7000F4BBC4 /* Debug */ = {
			isa = XCBuildConfiguration;
			buildSettings = {
				ASSETCATALOG_COMPILER_APPICON_NAME = AppIcon;
				DEVELOPMENT_TEAM = GF5KK69ZR2;
				INFOPLIST_FILE = PartyRockApp/Info.plist;
				LD_RUNPATH_SEARCH_PATHS = "$(inherited) @executable_path/Frameworks";
				PRODUCT_BUNDLE_IDENTIFIER = com.ninjamkt.PartyRockApp;
				PRODUCT_NAME = "$(TARGET_NAME)";
				SWIFT_VERSION = 3.0;
			};
			name = Debug;
		};
		14881F0D1F4A9C7000F4BBC4 /* Release */ = {
			isa = XCBuildConfiguration;
			buildSettings = {
				ASSETCATALOG_COMPILER_APPICON_NAME = AppIcon;
				DEVELOPMENT_TEAM = GF5KK69ZR2;
				INFOPLIST_FILE = PartyRockApp/Info.plist;
				LD_RUNPATH_SEARCH_PATHS = "$(inherited) @executable_path/Frameworks";
				PRODUCT_BUNDLE_IDENTIFIER = com.ninjamkt.PartyRockApp;
				PRODUCT_NAME = "$(TARGET_NAME)";
				SWIFT_VERSION = 3.0;
			};
			name = Release;
		};
/* End XCBuildConfiguration section */

/* Begin XCConfigurationList section */
		14881EF41F4A9C7000F4BBC4 /* Build configuration list for PBXProject "PartyRockApp" */ = {
			isa = XCConfigurationList;
			buildConfigurations = (
				14881F091F4A9C7000F4BBC4 /* Debug */,
				14881F0A1F4A9C7000F4BBC4 /* Release */,
			);
			defaultConfigurationIsVisible = 0;
			defaultConfigurationName = Release;
		};
		14881F0B1F4A9C7000F4BBC4 /* Build configuration list for PBXNativeTarget "PartyRockApp" */ = {
			isa = XCConfigurationList;
			buildConfigurations = (
				14881F0C1F4A9C7000F4BBC4 /* Debug */,
				14881F0D1F4A9C7000F4BBC4 /* Release */,
			);
			defaultConfigurationIsVisible = 0;
			defaultConfigurationName = Release;
		};
/* End XCConfigurationList section */
	};
	rootObject = 14881EF11F4A9C7000F4BBC4 /* Project object */;
}
